// !$*UTF8*$!
{
	archiveVersion = 1;
	classes = {
	};
	objectVersion = 50;
	objects = {

/* Begin PBXBuildFile section */
		F502194420C7D7D700588B67 /* AppDelegate.m in Sources */ = {isa = PBXBuildFile; fileRef = F502194320C7D7D700588B67 /* AppDelegate.m */; };
		F502194720C7D7D700588B67 /* ViewController.m in Sources */ = {isa = PBXBuildFile; fileRef = F502194620C7D7D700588B67 /* ViewController.m */; };
		F502194A20C7D7D700588B67 /* Main.storyboard in Resources */ = {isa = PBXBuildFile; fileRef = F502194820C7D7D700588B67 /* Main.storyboard */; };
		F502194C20C7D7D800588B67 /* Assets.xcassets in Resources */ = {isa = PBXBuildFile; fileRef = F502194B20C7D7D800588B67 /* Assets.xcassets */; };
		F502194F20C7D7D800588B67 /* LaunchScreen.storyboard in Resources */ = {isa = PBXBuildFile; fileRef = F502194D20C7D7D800588B67 /* LaunchScreen.storyboard */; };
		F502195220C7D7D800588B67 /* main.m in Sources */ = {isa = PBXBuildFile; fileRef = F502195120C7D7D800588B67 /* main.m */; };
		F502195B20C7D80800588B67 /* JPWaveAnimationView.m in Sources */ = {isa = PBXBuildFile; fileRef = F502195A20C7D80800588B67 /* JPWaveAnimationView.m */; };
/* End PBXBuildFile section */

/* Begin PBXFileReference section */
		F502193F20C7D7D700588B67 /* JPWaveAnimation.app */ = {isa = PBXFileReference; explicitFileType = wrapper.application; includeInIndex = 0; path = JPWaveAnimation.app; sourceTree = BUILT_PRODUCTS_DIR; };
		F502194220C7D7D700588B67 /* AppDelegate.h */ = {isa = PBXFileReference; lastKnownFileType = sourcecode.c.h; path = AppDelegate.h; sourceTree = "<group>"; };
		F502194320C7D7D700588B67 /* AppDelegate.m */ = {isa = PBXFileReference; lastKnownFileType = sourcecode.c.objc; path = AppDelegate.m; sourceTree = "<group>"; };
		F502194520C7D7D700588B67 /* ViewController.h */ = {isa = PBXFileReference; lastKnownFileType = sourcecode.c.h; path = ViewController.h; sourceTree = "<group>"; };
		F502194620C7D7D700588B67 /* ViewController.m */ = {isa = PBXFileReference; lastKnownFileType = sourcecode.c.objc; path = ViewController.m; sourceTree = "<group>"; };
		F502194920C7D7D700588B67 /* Base */ = {isa = PBXFileReference; lastKnownFileType = file.storyboard; name = Base; path = Base.lproj/Main.storyboard; sourceTree = "<group>"; };
		F502194B20C7D7D800588B67 /* Assets.xcassets */ = {isa = PBXFileReference; lastKnownFileType = folder.assetcatalog; path = Assets.xcassets; sourceTree = "<group>"; };
		F502194E20C7D7D800588B67 /* Base */ = {isa = PBXFileReference; lastKnownFileType = file.storyboard; name = Base; path = Base.lproj/LaunchScreen.storyboard; sourceTree = "<group>"; };
		F502195020C7D7D800588B67 /* Info.plist */ = {isa = PBXFileReference; lastKnownFileType = text.plist.xml; path = Info.plist; sourceTree = "<group>"; };
		F502195120C7D7D800588B67 /* main.m */ = {isa = PBXFileReference; lastKnownFileType = sourcecode.c.objc; path = main.m; sourceTree = "<group>"; };
		F502195920C7D80800588B67 /* JPWaveAnimationView.h */ = {isa = PBXFileReference; lastKnownFileType = sourcecode.c.h; path = JPWaveAnimationView.h; sourceTree = "<group>"; };
		F502195A20C7D80800588B67 /* JPWaveAnimationView.m */ = {isa = PBXFileReference; lastKnownFileType = sourcecode.c.objc; path = JPWaveAnimationView.m; sourceTree = "<group>"; };
/* End PBXFileReference section */

/* Begin PBXFrameworksBuildPhase section */
		F502193C20C7D7D700588B67 /* Frameworks */ = {
			isa = PBXFrameworksBuildPhase;
			buildActionMask = 2147483647;
			files = (
			);
			runOnlyForDeploymentPostprocessing = 0;
		};
/* End PBXFrameworksBuildPhase section */

/* Begin PBXGroup section */
		F502193620C7D7D700588B67 = {
			isa = PBXGroup;
			children = (
				F502194120C7D7D700588B67 /* JPWaveAnimation */,
				F502194020C7D7D700588B67 /* Products */,
			);
			sourceTree = "<group>";
		};
		F502194020C7D7D700588B67 /* Products */ = {
			isa = PBXGroup;
			children = (
				F502193F20C7D7D700588B67 /* JPWaveAnimation.app */,
			);
			name = Products;
			sourceTree = "<group>";
		};
		F502194120C7D7D700588B67 /* JPWaveAnimation */ = {
			isa = PBXGroup;
			children = (
				F502195820C7D7F200588B67 /* JPWaveAnimationView */,
				F502194220C7D7D700588B67 /* AppDelegate.h */,
				F502194320C7D7D700588B67 /* AppDelegate.m */,
				F502194520C7D7D700588B67 /* ViewController.h */,
				F502194620C7D7D700588B67 /* ViewController.m */,
				F502194820C7D7D700588B67 /* Main.storyboard */,
				F502194B20C7D7D800588B67 /* Assets.xcassets */,
				F502194D20C7D7D800588B67 /* LaunchScreen.storyboard */,
				F502195020C7D7D800588B67 /* Info.plist */,
				F502195120C7D7D800588B67 /* main.m */,
			);
			path = JPWaveAnimation;
			sourceTree = "<group>";
		};
		F502195820C7D7F200588B67 /* JPWaveAnimationView */ = {
			isa = PBXGroup;
			children = (
				F502195920C7D80800588B67 /* JPWaveAnimationView.h */,
				F502195A20C7D80800588B67 /* JPWaveAnimationView.m */,
			);
			path = JPWaveAnimationView;
			sourceTree = "<group>";
		};
/* End PBXGroup section */

/* Begin PBXNativeTarget section */
		F502193E20C7D7D700588B67 /* JPWaveAnimation */ = {
			isa = PBXNativeTarget;
			buildConfigurationList = F502195520C7D7D800588B67 /* Build configuration list for PBXNativeTarget "JPWaveAnimation" */;
			buildPhases = (
				F502193B20C7D7D700588B67 /* Sources */,
				F502193C20C7D7D700588B67 /* Frameworks */,
				F502193D20C7D7D700588B67 /* Resources */,
			);
			buildRules = (
			);
			dependencies = (
			);
			name = JPWaveAnimation;
			productName = JPWaveAnimation;
			productReference = F502193F20C7D7D700588B67 /* JPWaveAnimation.app */;
			productType = "com.apple.product-type.application";
		};
/* End PBXNativeTarget section */

/* Begin PBXProject section */
		F502193720C7D7D700588B67 /* Project object */ = {
			isa = PBXProject;
			attributes = {
				LastUpgradeCheck = 0930;
				ORGANIZATIONNAME = dong;
				TargetAttributes = {
					F502193E20C7D7D700588B67 = {
						CreatedOnToolsVersion = 9.3;
					};
				};
			};
			buildConfigurationList = F502193A20C7D7D700588B67 /* Build configuration list for PBXProject "JPWaveAnimation" */;
			compatibilityVersion = "Xcode 9.3";
			developmentRegion = en;
			hasScannedForEncodings = 0;
			knownRegions = (
				en,
				Base,
			);
			mainGroup = F502193620C7D7D700588B67;
			productRefGroup = F502194020C7D7D700588B67 /* Products */;
			projectDirPath = "";
			projectRoot = "";
			targets = (
				F502193E20C7D7D700588B67 /* JPWaveAnimation */,
			);
		};
/* End PBXProject section */

/* Begin PBXResourcesBuildPhase section */
		F502193D20C7D7D700588B67 /* Resources */ = {
			isa = PBXResourcesBuildPhase;
			buildActionMask = 2147483647;
			files = (
				F502194F20C7D7D800588B67 /* LaunchScreen.storyboard in Resources */,
				F502194C20C7D7D800588B67 /* Assets.xcassets in Resources */,
				F502194A20C7D7D700588B67 /* Main.storyboard in Resources */,
			);
			runOnlyForDeploymentPostprocessing = 0;
		};
/* End PBXResourcesBuildPhase section */

/* Begin PBXSourcesBuildPhase section */
		F502193B20C7D7D700588B67 /* Sources */ = {
			isa = PBXSourcesBuildPhase;
			buildActionMask = 2147483647;
			files = (
				F502195B20C7D80800588B67 /* JPWaveAnimationView.m in Sources */,
				F502194720C7D7D700588B67 /* ViewController.m in Sources */,
				F502195220C7D7D800588B67 /* main.m in Sources */,
				F502194420C7D7D700588B67 /* AppDelegate.m in Sources */,
			);
			runOnlyForDeploymentPostprocessing = 0;
		};
/* End PBXSourcesBuildPhase section */

/* Begin PBXVariantGroup section */
		F502194820C7D7D700588B67 /* Main.storyboard */ = {
			isa = PBXVariantGroup;
			children = (
				F502194920C7D7D700588B67 /* Base */,
			);
			name = Main.storyboard;
			sourceTree = "<group>";
		};
		F502194D20C7D7D800588B67 /* LaunchScreen.storyboard */ = {
			isa = PBXVariantGroup;
			children = (
				F502194E20C7D7D800588B67 /* Base */,
			);
			name = LaunchScreen.storyboard;
			sourceTree = "<group>";
		};
/* End PBXVariantGroup section */

/* Begin XCBuildConfiguration section */
		F502195320C7D7D800588B67 /* Debug */ = {
			isa = XCBuildConfiguration;
			buildSettings = {
				ALWAYS_SEARCH_USER_PATHS = NO;
				CLANG_ANALYZER_NONNULL = YES;
				CLANG_ANALYZER_NUMBER_OBJECT_CONVERSION = YES_AGGRESSIVE;
				CLANG_CXX_LANGUAGE_STANDARD = "gnu++14";
				CLANG_CXX_LIBRARY = "libc++";
				CLANG_ENABLE_MODULES = YES;
				CLANG_ENABLE_OBJC_ARC = YES;
				CLANG_ENABLE_OBJC_WEAK = YES;
				CLANG_WARN_BLOCK_CAPTURE_AUTORELEASING = YES;
				CLANG_WARN_BOOL_CONVERSION = YES;
				CLANG_WARN_COMMA = YES;
				CLANG_WARN_CONSTANT_CONVERSION = YES;
				CLANG_WARN_DEPRECATED_OBJC_IMPLEMENTATIONS = YES;
				CLANG_WARN_DIRECT_OBJC_ISA_USAGE = YES_ERROR;
				CLANG_WARN_DOCUMENTATION_COMMENTS = YES;
				CLANG_WARN_EMPTY_BODY = YES;
				CLANG_WARN_ENUM_CONVERSION = YES;
				CLANG_WARN_INFINITE_RECURSION = YES;
				CLANG_WARN_INT_CONVERSION = YES;
				CLANG_WARN_NON_LITERAL_NULL_CONVERSION = YES;
				CLANG_WARN_OBJC_IMPLICIT_RETAIN_SELF = YES;
				CLANG_WARN_OBJC_LITERAL_CONVERSION = YES;
				CLANG_WARN_OBJC_ROOT_CLASS = YES_ERROR;
				CLANG_WARN_RANGE_LOOP_ANALYSIS = YES;
				CLANG_WARN_STRICT_PROTOTYPES = YES;
				CLANG_WARN_SUSPICIOUS_MOVE = YES;
				CLANG_WARN_UNGUARDED_AVAILABILITY = YES_AGGRESSIVE;
				CLANG_WARN_UNREACHABLE_CODE = YES;
				CLANG_WARN__DUPLICATE_METHOD_MATCH = YES;
				CODE_SIGN_IDENTITY = "iPhone Developer";
				COPY_PHASE_STRIP = NO;
				DEBUG_INFORMATION_FORMAT = dwarf;
				ENABLE_STRICT_OBJC_MSGSEND = YES;
				ENABLE_TESTABILITY = YES;
				GCC_C_LANGUAGE_STANDARD = gnu11;
				GCC_DYNAMIC_NO_PIC = NO;
				GCC_NO_COMMON_BLOCKS = YES;
				GCC_OPTIMIZATION_LEVEL = 0;
				GCC_PREPROCESSOR_DEFINITIONS = (
					"DEBUG=1",
					"$(inherited)",
				);
				GCC_WARN_64_TO_32_BIT_CONVERSION = YES;
				GCC_WARN_ABOUT_RETURN_TYPE = YES_ERROR;
				GCC_WARN_UNDECLARED_SELECTOR = YES;
				GCC_WARN_UNINITIALIZED_AUTOS = YES_AGGRESSIVE;
				GCC_WARN_UNUSED_FUNCTION = YES;
				GCC_WARN_UNUSED_VARIABLE = YES;
				IPHONEOS_DEPLOYMENT_TARGET = 11.3;
				MTL_ENABLE_DEBUG_INFO = YES;
				ONLY_ACTIVE_ARCH = YES;
				SDKROOT = iphoneos;
			};
			name = Debug;
		};
		F502195420C7D7D800588B67 /* Release */ = {
			isa = XCBuildConfiguration;
			buildSettings = {
				ALWAYS_SEARCH_USER_PATHS = NO;
				CLANG_ANALYZER_NONNULL = YES;
				CLANG_ANALYZER_NUMBER_OBJECT_CONVERSION = YES_AGGRESSIVE;
				CLANG_CXX_LANGUAGE_STANDARD = "gnu++14";
				CLANG_CXX_LIBRARY = "libc++";
				CLANG_ENABLE_MODULES = YES;
				CLANG_ENABLE_OBJC_ARC = YES;
				CLANG_ENABLE_OBJC_WEAK = YES;
				CLANG_WARN_BLOCK_CAPTURE_AUTORELEASING = YES;
				CLANG_WARN_BOOL_CONVERSION = YES;
				CLANG_WARN_COMMA = YES;
				CLANG_WARN_CONSTANT_CONVERSION = YES;
				CLANG_WARN_DEPRECATED_OBJC_IMPLEMENTATIONS = YES;
				CLANG_WARN_DIRECT_OBJC_ISA_USAGE = YES_ERROR;
				CLANG_WARN_DOCUMENTATION_COMMENTS = YES;
				CLANG_WARN_EMPTY_BODY = YES;
				CLANG_WARN_ENUM_CONVERSION = YES;
				CLANG_WARN_INFINITE_RECURSION = YES;
				CLANG_WARN_INT_CONVERSION = YES;
				CLANG_WARN_NON_LITERAL_NULL_CONVERSION = YES;
				CLANG_WARN_OBJC_IMPLICIT_RETAIN_SELF = YES;
				CLANG_WARN_OBJC_LITERAL_CONVERSION = YES;
				CLANG_WARN_OBJC_ROOT_CLASS = YES_ERROR;
				CLANG_WARN_RANGE_LOOP_ANALYSIS = YES;
				CLANG_WARN_STRICT_PROTOTYPES = YES;
				CLANG_WARN_SUSPICIOUS_MOVE = YES;
				CLANG_WARN_UNGUARDED_AVAILABILITY = YES_AGGRESSIVE;
				CLANG_WARN_UNREACHABLE_CODE = YES;
				CLANG_WARN__DUPLICATE_METHOD_MATCH = YES;
				CODE_SIGN_IDENTITY = "iPhone Developer";
				COPY_PHASE_STRIP = NO;
				DEBUG_INFORMATION_FORMAT = "dwarf-with-dsym";
				ENABLE_NS_ASSERTIONS = NO;
				ENABLE_STRICT_OBJC_MSGSEND = YES;
				GCC_C_LANGUAGE_STANDARD = gnu11;
				GCC_NO_COMMON_BLOCKS = YES;
				GCC_WARN_64_TO_32_BIT_CONVERSION = YES;
				GCC_WARN_ABOUT_RETURN_TYPE = YES_ERROR;
				GCC_WARN_UNDECLARED_SELECTOR = YES;
				GCC_WARN_UNINITIALIZED_AUTOS = YES_AGGRESSIVE;
				GCC_WARN_UNUSED_FUNCTION = YES;
				GCC_WARN_UNUSED_VARIABLE = YES;
				IPHONEOS_DEPLOYMENT_TARGET = 11.3;
				MTL_ENABLE_DEBUG_INFO = NO;
				SDKROOT = iphoneos;
				VALIDATE_PRODUCT = YES;
			};
			name = Release;
		};
		F502195620C7D7D800588B67 /* Debug */ = {
			isa = XCBuildConfiguration;
			buildSettings = {
				ASSETCATALOG_COMPILER_APPICON_NAME = AppIcon;
				CODE_SIGN_STYLE = Automatic;
				INFOPLIST_FILE = JPWaveAnimation/Info.plist;
				LD_RUNPATH_SEARCH_PATHS = (
					"$(inherited)",
					"@executable_path/Frameworks",
				);
				PRODUCT_BUNDLE_IDENTIFIER = cn.djp.JPWaveAnimation;
				PRODUCT_NAME = "$(TARGET_NAME)";
				TARGETED_DEVICE_FAMILY = "1,2";
			};
			name = Debug;
		};
		F502195720C7D7D800588B67 /* Release */ = {
			isa = XCBuildConfiguration;
			buildSettings = {
				ASSETCATALOG_COMPILER_APPICON_NAME = AppIcon;
				CODE_SIGN_STYLE = Automatic;
				INFOPLIST_FILE = JPWaveAnimation/Info.plist;
				LD_RUNPATH_SEARCH_PATHS = (
					"$(inherited)",
					"@executable_path/Frameworks",
				);
				PRODUCT_BUNDLE_IDENTIFIER = cn.djp.JPWaveAnimation;
				PRODUCT_NAME = "$(TARGET_NAME)";
				TARGETED_DEVICE_FAMILY = "1,2";
			};
			name = Release;
		};
/* End XCBuildConfiguration section */

/* Begin XCConfigurationList section */
		F502193A20C7D7D700588B67 /* Build configuration list for PBXProject "JPWaveAnimation" */ = {
			isa = XCConfigurationList;
			buildConfigurations = (
				F502195320C7D7D800588B67 /* Debug */,
				F502195420C7D7D800588B67 /* Release */,
			);
			defaultConfigurationIsVisible = 0;
			defaultConfigurationName = Release;
		};
		F502195520C7D7D800588B67 /* Build configuration list for PBXNativeTarget "JPWaveAnimation" */ = {
			isa = XCConfigurationList;
			buildConfigurations = (
				F502195620C7D7D800588B67 /* Debug */,
				F502195720C7D7D800588B67 /* Release */,
			);
			defaultConfigurationIsVisible = 0;
			defaultConfigurationName = Release;
		};
/* End XCConfigurationList section */
	};
	rootObject = F502193720C7D7D700588B67 /* Project object */;
}
